
Microsoft Visual Studio Solution File, Format Version 12.00
# Visual Studio Version 17
VisualStudioVersion = 17.3.32929.385
MinimumVisualStudioVersion = 10.0.40219.1
Project("{FAE04EC0-301F-11D3-BF4B-00C04F79EFBC}") = "ChatApp.Server", "ChatApp\Server\ChatApp.Server.csproj", "{426BFB91-EE3D-4A8D-BFA0-4F91D58DD4B3}"
EndProject
Project("{FAE04EC0-301F-11D3-BF4B-00C04F79EFBC}") = "ChatApp.Client", "ChatApp\Client\ChatApp.Client.csproj", "{5D4AF539-172E-4B70-A04A-CD731573A746}"
EndProject
Project("{FAE04EC0-301F-11D3-BF4B-00C04F79EFBC}") = "ChatApp.Shared", "ChatApp\Shared\ChatApp.Shared.csproj", "{7BCC9366-F398-4558-8DD8-B9D78E2A5DC3}"
EndProject
Global
	GlobalSection(SolutionConfigurationPlatforms) = preSolution
		Debug|Any CPU = Debug|Any CPU
		Release|Any CPU = Release|Any CPU
	EndGlobalSection
	GlobalSection(ProjectConfigurationPlatforms) = postSolution
		{426BFB91-EE3D-4A8D-BFA0-4F91D58DD4B3}.Debug|Any CPU.ActiveCfg = Debug|Any CPU
		{426BFB91-EE3D-4A8D-BFA0-4F91D58DD4B3}.Debug|Any CPU.Build.0 = Debug|Any CPU
		{426BFB91-EE3D-4A8D-BFA0-4F91D58DD4B3}.Release|Any CPU.ActiveCfg = Release|Any CPU
		{426BFB91-EE3D-4A8D-BFA0-4F91D58DD4B3}.Release|Any CPU.Build.0 = Release|Any CPU
		{5D4AF539-172E-4B70-A04A-CD731573A746}.Debug|Any CPU.ActiveCfg = Debug|Any CPU
		{5D4AF539-172E-4B70-A04A-CD731573A746}.Debug|Any CPU.Build.0 = Debug|Any CPU
		{5D4AF539-172E-4B70-A04A-CD731573A746}.Release|Any CPU.ActiveCfg = Release|Any CPU
		{5D4AF539-172E-4B70-A04A-CD731573A746}.Release|Any CPU.Build.0 = Release|Any CPU
		{7BCC9366-F398-4558-8DD8-B9D78E2A5DC3}.Debug|Any CPU.ActiveCfg = Debug|Any CPU
		{7BCC9366-F398-4558-8DD8-B9D78E2A5DC3}.Debug|Any CPU.Build.0 = Debug|Any CPU
		{7BCC9366-F398-4558-8DD8-B9D78E2A5DC3}.Release|Any CPU.ActiveCfg = Release|Any CPU
		{7BCC9366-F398-4558-8DD8-B9D78E2A5DC3}.Release|Any CPU.Build.0 = Release|Any CPU
	EndGlobalSection
	GlobalSection(SolutionProperties) = preSolution
		HideSolutionNode = FALSE
	EndGlobalSection
	GlobalSection(ExtensibilityGlobals) = postSolution
		SolutionGuid = {1BF94E5F-0C85-47C9-922C-BF5443018140}
	EndGlobalSection
EndGlobal
